{
  "name": "workshop-oct20",
  "version": "1.0.0",
  "lockfileVersion": 1,
  "requires": true,
  "dependencies": {
    "@curveball/accesslog": {
      "version": "0.2.0",
      "resolved": "https://registry.npmjs.org/@curveball/accesslog/-/accesslog-0.2.0.tgz",
      "integrity": "sha512-N7q7eWCbqbe36Y+OuS9dikaCsXMxV128sCr9Yh0gWJLiCtiW+/mLYRT6L82BC8imsAIba2fDHb2MDN8m1iUUcQ==",
      "requires": {
        "chalk": "^3.0.0"
      }
    },
    "@curveball/bodyparser": {
      "version": "0.4.6",
      "resolved": "https://registry.npmjs.org/@curveball/bodyparser/-/bodyparser-0.4.6.tgz",
      "integrity": "sha512-yGwnJLd1tAVvahmEkf2r3UZp3qib2o1/PllD2+3XPsVZ2kGMmP7T4K/IZU+Mt/LkGDPw+3zYQKi9lIBCW9odww=="
    },
    "@curveball/browser": {
      "version": "0.9.2",
      "resolved": "https://registry.npmjs.org/@curveball/browser/-/browser-0.9.2.tgz",
      "integrity": "sha512-hvHL6bWwEdrLFq0bUcO79IWmOVX2VMqG9ubRZkk2yuqfdJSCbnsT+zN9xsWwDXXNnyOAJCSPx7rDOxHkixZxAA==",
      "requires": {
        "csv-parse": "^4.12.0",
        "highlight.js": "^10.2.0",
        "ketting": "^6.0.2",
        "markdown-it": "^11.0.1",
        "react": "^16.13.1",
        "react-dom": "^16.13.1"
      }
    },
    "@curveball/controller": {
      "version": "0.3.0",
      "resolved": "https://registry.npmjs.org/@curveball/controller/-/controller-0.3.0.tgz",
      "integrity": "sha512-kmGsYrbxRdv2n12keYYSjMCLZ/xNb6rfl6mnUMhTeZ8XdqKo9zSu9io6CUcdUecQO87R3/Ieq/u8u2pTX3/7bA==",
      "requires": {
        "@curveball/http-errors": "^0.3.0"
      }
    },
    "@curveball/core": {
      "version": "0.14.2",
      "resolved": "https://registry.npmjs.org/@curveball/core/-/core-0.14.2.tgz",
      "integrity": "sha512-Z6CkDONFnj13V8dfletLzlG+g7m7NviFGLd4MeAAgdpKVOWI5XNaSNp1uLUHQ7IsaYv5j9uHSftAXVXp8V1KWA==",
      "requires": {
        "@curveball/http-errors": "^0.3.0",
        "@types/ws": "^7.2.6",
        "accepts": "^1.3.7",
        "raw-body": "^2.4.1",
        "ws": "^7.3.1"
      }
    },
    "@curveball/http-errors": {
      "version": "0.3.0",
      "resolved": "https://registry.npmjs.org/@curveball/http-errors/-/http-errors-0.3.0.tgz",
      "integrity": "sha512-sCx/u8xFxlp/6tbhgCYXJDNLtUbxx3OYE5+jITyTiJhLCTopU5akF2eYlrwgxGtEi+tB8/JlCz0322YV4L6Daw=="
    },
    "@curveball/problem": {
      "version": "0.2.2",
      "resolved": "https://registry.npmjs.org/@curveball/problem/-/problem-0.2.2.tgz",
      "integrity": "sha512-55DrDeJd7ix9iB+UIcQtFHI5keigzwI0fvrLKfTCP0xmUby7vNFEn4mnOfeb1f8wsb7eWGTBIsFNmTFoCKm6tA=="
    },
    "@curveball/router": {
      "version": "0.2.4",
      "resolved": "https://registry.npmjs.org/@curveball/router/-/router-0.2.4.tgz",
      "integrity": "sha512-xxN6zPSWYhxK9M2BWqsPWewIZkWFGQd7n/8kOZaP9Xy0Bq3k/VFJUZV76KIlksapJxLoVMuTIlEPi0NdOsc+ag==",
      "requires": {
        "path-match": "^1.2.4"
      }
    },
    "@types/node": {
      "version": "14.11.5",
      "resolved": "https://registry.npmjs.org/@types/node/-/node-14.11.5.tgz",
      "integrity": "sha512-jVFzDV6NTbrLMxm4xDSIW/gKnk8rQLF9wAzLWIOg+5nU6ACrIMndeBdXci0FGtqJbP9tQvm6V39eshc96TO2wQ=="
    },
    "@types/ws": {
      "version": "7.2.7",
      "resolved": "https://registry.npmjs.org/@types/ws/-/ws-7.2.7.tgz",
      "integrity": "sha512-UUFC/xxqFLP17hTva8/lVT0SybLUrfSD9c+iapKb0fEiC8uoDbA+xuZ3pAN603eW+bY8ebSMLm9jXdIPnD0ZgA==",
      "requires": {
        "@types/node": "*"
      }
    },
    "accepts": {
      "version": "1.3.7",
      "resolved": "https://registry.npmjs.org/accepts/-/accepts-1.3.7.tgz",
      "integrity": "sha512-Il80Qs2WjYlJIBNzNkK6KYqlVMTbZLXgHx2oT0pU/fjRHyEp+PEfEPY0R3WCwAGVOtauxh1hOxNgIf5bv7dQpA==",
      "requires": {
        "mime-types": "~2.1.24",
        "negotiator": "0.6.2"
      }
    },
    "ansi-styles": {
      "version": "4.3.0",
      "resolved": "https://registry.npmjs.org/ansi-styles/-/ansi-styles-4.3.0.tgz",
      "integrity": "sha512-zbB9rCJAT1rbjiVDb2hqKFHNYLxgtk8NURxZ3IZwD3F6NtxbXZQCnnSi1Lkx+IDohdPlFp222wVALIheZJQSEg==",
      "requires": {
        "color-convert": "^2.0.1"
      }
    },
    "argparse": {
      "version": "1.0.10",
      "resolved": "https://registry.npmjs.org/argparse/-/argparse-1.0.10.tgz",
      "integrity": "sha512-o5Roy6tNG4SL/FOkCAN6RzjiakZS25RLYFrcMttJqbdd8BWrnA+fGz57iN5Pb06pvBGvl5gQ0B48dJlslXvoTg==",
      "requires": {
        "sprintf-js": "~1.0.2"
      }
    },
    "bytes": {
      "version": "3.1.0",
      "resolved": "https://registry.npmjs.org/bytes/-/bytes-3.1.0.tgz",
      "integrity": "sha512-zauLjrfCG+xvoyaqLoV8bLVXXNGC4JqlxFCutSDWA6fJrTo2ZuvLYTqZ7aHBLZSMOopbzwv8f+wZcVzfVTI2Dg=="
    },
    "chalk": {
      "version": "3.0.0",
      "resolved": "https://registry.npmjs.org/chalk/-/chalk-3.0.0.tgz",
      "integrity": "sha512-4D3B6Wf41KOYRFdszmDqMCGq5VV/uMAB273JILmO+3jAlh8X4qDtdtgCR3fxtbLEMzSx22QdhnDcJvu2u1fVwg==",
      "requires": {
        "ansi-styles": "^4.1.0",
        "supports-color": "^7.1.0"
      }
    },
    "color-convert": {
      "version": "2.0.1",
      "resolved": "https://registry.npmjs.org/color-convert/-/color-convert-2.0.1.tgz",
      "integrity": "sha512-RRECPsj7iu/xb5oKYcsFHSppFNnsj/52OVTRKb4zP5onXwVF3zVmmToNcOfGC+CRDpfK/U584fMg38ZHCaElKQ==",
      "requires": {
        "color-name": "~1.1.4"
      }
    },
    "color-name": {
      "version": "1.1.4",
      "resolved": "https://registry.npmjs.org/color-name/-/color-name-1.1.4.tgz",
      "integrity": "sha512-dOy+3AuW3a2wNbZHIuMZpTcgjGuLU/uBL/ubcZF9OXbDo8ff4O8yVp5Bf0efS8uEoYo5q4Fx7dY9OgQGXgAsQA=="
    },
    "csv-parse": {
      "version": "4.12.0",
      "resolved": "https://registry.npmjs.org/csv-parse/-/csv-parse-4.12.0.tgz",
      "integrity": "sha512-wPQl3H79vWLPI8cgKFcQXl0NBgYYEqVnT1i6/So7OjMpsI540oD7p93r3w6fDSyPvwkTepG05F69/7AViX2lXg=="
    },
    "depd": {
      "version": "1.1.2",
      "resolved": "https://registry.npmjs.org/depd/-/depd-1.1.2.tgz",
      "integrity": "sha1-m81S4UwJd2PnSbJ0xDRu0uVgtak="
    },
    "entities": {
      "version": "2.0.3",
      "resolved": "https://registry.npmjs.org/entities/-/entities-2.0.3.tgz",
      "integrity": "sha512-MyoZ0jgnLvB2X3Lg5HqpFmn1kybDiIfEQmKzTb5apr51Rb+T3KdmMiqa70T+bhGnyv7bQ6WMj2QMHpGMmlrUYQ=="
    },
    "fetch-mw-oauth2": {
      "version": "0.5.0",
      "resolved": "https://registry.npmjs.org/fetch-mw-oauth2/-/fetch-mw-oauth2-0.5.0.tgz",
      "integrity": "sha512-slYrVF8Oofr5EW0xB9KQBwN5p9YLvoxAr0IVAbns6KFR4AG6yZj/JXOi6Al7ho1hC9aTJYWJebKAJu0St416ag=="
    },
    "hal-types": {
      "version": "1.2.1",
      "resolved": "https://registry.npmjs.org/hal-types/-/hal-types-1.2.1.tgz",
      "integrity": "sha512-1UIcyX/Mno0BFLvqd7UZ6O6PGE+A74N8NR2X9/+28iRvq8vJD63RjAKzO1cTgYhRR8QL9a8LvpTlzjABsZt3Hw=="
    },
    "has-flag": {
      "version": "4.0.0",
      "resolved": "https://registry.npmjs.org/has-flag/-/has-flag-4.0.0.tgz",
      "integrity": "sha512-EykJT/Q1KjTWctppgIAgfSO0tKVuZUjhgMr17kqTumMl6Afv3EISleU7qZUzoXDFTAHTDC4NOoG/ZxU3EvlMPQ=="
    },
    "highlight.js": {
      "version": "10.2.1",
      "resolved": "https://registry.npmjs.org/highlight.js/-/highlight.js-10.2.1.tgz",
      "integrity": "sha512-A+sckVPIb9zQTUydC9lpRX1qRFO/N0OKEh0NwIr65ckvWA/oMY8v9P3+kGRK3w2ULSh9E8v5MszXafodQ6039g=="
    },
    "http-errors": {
      "version": "1.7.3",
      "resolved": "https://registry.npmjs.org/http-errors/-/http-errors-1.7.3.tgz",
      "integrity": "sha512-ZTTX0MWrsQ2ZAhA1cejAwDLycFsd7I7nVtnkT3Ol0aqodaKW+0CTZDQ1uBv5whptCnc8e8HeRRJxRs0kmm/Qfw==",
      "requires": {
        "depd": "~1.1.2",
        "inherits": "2.0.4",
        "setprototypeof": "1.1.1",
        "statuses": ">= 1.5.0 < 2",
        "toidentifier": "1.0.0"
      }
    },
    "http-link-header": {
      "version": "1.0.3",
      "resolved": "https://registry.npmjs.org/http-link-header/-/http-link-header-1.0.3.tgz",
      "integrity": "sha512-nARK1wSKoBBrtcoESlHBx36c1Ln/gnbNQi1eB6MeTUefJIT3NvUOsV15bClga0k38f0q/kN5xxrGSDS3EFnm9w=="
    },
    "iconv-lite": {
      "version": "0.4.24",
      "resolved": "https://registry.npmjs.org/iconv-lite/-/iconv-lite-0.4.24.tgz",
      "integrity": "sha512-v3MXnZAcvnywkTUEZomIActle7RXXeedOR31wwl7VlyoXO4Qi9arvSenNQWne1TcRwhCL1HwLI21bEqdpj8/rA==",
      "requires": {
        "safer-buffer": ">= 2.1.2 < 3"
      }
    },
    "inherits": {
      "version": "2.0.4",
      "resolved": "https://registry.npmjs.org/inherits/-/inherits-2.0.4.tgz",
      "integrity": "sha512-k/vGaX4/Yla3WzyMCvTQOXYeIHvqOKtnqBduzTHpzpQZzAskKMhZ2K+EnBiSM9zGSoIFeMpXKxa4dYeZIQqewQ=="
    },
    "isarray": {
      "version": "0.0.1",
      "resolved": "https://registry.npmjs.org/isarray/-/isarray-0.0.1.tgz",
      "integrity": "sha1-ihis/Kmo9Bd+Cav8YDiTmwXR7t8="
    },
    "js-tokens": {
      "version": "4.0.0",
      "resolved": "https://registry.npmjs.org/js-tokens/-/js-tokens-4.0.0.tgz",
      "integrity": "sha512-RdJUflcE3cUzKiMqQgsCu06FPu9UdIJO0beYbPhHN4k6apgJtifcoCtT9bcxOpYBtpD2kCM6Sbzg4CausW/PKQ=="
    },
    "ketting": {
      "version": "6.1.0",
      "resolved": "https://registry.npmjs.org/ketting/-/ketting-6.1.0.tgz",
      "integrity": "sha512-2DwU/7H3Ih4MEFgtkyDyKnw2UzYKZjKWIvXIqxer19yVoWia4XytD0O1GMsGofqYBy0RgjqBvC1ATwD4Nw3hzw==",
      "requires": {
        "fetch-mw-oauth2": "^0.5.0",
        "hal-types": "^1.2.1",
        "http-link-header": "^1.0.3",
        "node-fetch": "^2.6.1",
        "querystring-browser": "^1.0.4",
        "sax": "^1.2.4",
        "uri-template": "^1.0.1"
      }
    },
    "linkify-it": {
      "version": "3.0.2",
      "resolved": "https://registry.npmjs.org/linkify-it/-/linkify-it-3.0.2.tgz",
      "integrity": "sha512-gDBO4aHNZS6coiZCKVhSNh43F9ioIL4JwRjLZPkoLIY4yZFwg264Y5lu2x6rb1Js42Gh6Yqm2f6L2AJcnkzinQ==",
      "requires": {
        "uc.micro": "^1.0.1"
      }
    },
    "loose-envify": {
      "version": "1.4.0",
      "resolved": "https://registry.npmjs.org/loose-envify/-/loose-envify-1.4.0.tgz",
      "integrity": "sha512-lyuxPGr/Wfhrlem2CL/UcnUc1zcqKAImBDzukY7Y5F/yQiNdko6+fRLevlw1HgMySw7f611UIY408EtxRSoK3Q==",
      "requires": {
        "js-tokens": "^3.0.0 || ^4.0.0"
      }
    },
    "markdown-it": {
      "version": "11.0.1",
      "resolved": "https://registry.npmjs.org/markdown-it/-/markdown-it-11.0.1.tgz",
      "integrity": "sha512-aU1TzmBKcWNNYvH9pjq6u92BML+Hz3h5S/QpfTFwiQF852pLT+9qHsrhM9JYipkOXZxGn+sGH8oyJE9FD9WezQ==",
      "requires": {
        "argparse": "^1.0.7",
        "entities": "~2.0.0",
        "linkify-it": "^3.0.1",
        "mdurl": "^1.0.1",
        "uc.micro": "^1.0.5"
      }
    },
    "mdurl": {
      "version": "1.0.1",
      "resolved": "https://registry.npmjs.org/mdurl/-/mdurl-1.0.1.tgz",
      "integrity": "sha1-/oWy7HWlkDfyrf7BAP1sYBdhFS4="
    },
    "mime-db": {
      "version": "1.44.0",
      "resolved": "https://registry.npmjs.org/mime-db/-/mime-db-1.44.0.tgz",
      "integrity": "sha512-/NOTfLrsPBVeH7YtFPgsVWveuL+4SjjYxaQ1xtM1KMFj7HdxlBlxeyNLzhyJVx7r4rZGJAZ/6lkKCitSc/Nmpg=="
    },
    "mime-types": {
      "version": "2.1.27",
      "resolved": "https://registry.npmjs.org/mime-types/-/mime-types-2.1.27.tgz",
      "integrity": "sha512-JIhqnCasI9yD+SsmkquHBxTSEuZdQX5BuQnS2Vc7puQQQ+8yiP5AY5uWhpdv4YL4VM5c6iliiYWPgJ/nJQLp7w==",
      "requires": {
        "mime-db": "1.44.0"
      }
    },
    "negotiator": {
      "version": "0.6.2",
      "resolved": "https://registry.npmjs.org/negotiator/-/negotiator-0.6.2.tgz",
      "integrity": "sha512-hZXc7K2e+PgeI1eDBe/10Ard4ekbfrrqG8Ep+8Jmf4JID2bNg7NvCPOZN+kfF574pFQI7mum2AUqDidoKqcTOw=="
    },
    "node-fetch": {
      "version": "2.6.1",
      "resolved": "https://registry.npmjs.org/node-fetch/-/node-fetch-2.6.1.tgz",
      "integrity": "sha512-V4aYg89jEoVRxRb2fJdAg8FHvI7cEyYdVAh94HH0UIK8oJxUfkjlDQN9RbMx+bEjP7+ggMiFRprSti032Oipxw=="
    },
    "object-assign": {
      "version": "4.1.1",
      "resolved": "https://registry.npmjs.org/object-assign/-/object-assign-4.1.1.tgz",
      "integrity": "sha1-IQmtx5ZYh8/AXLvUQsrIv7s2CGM="
    },
    "path-match": {
      "version": "1.2.4",
      "resolved": "https://registry.npmjs.org/path-match/-/path-match-1.2.4.tgz",
      "integrity": "sha1-pidH88fgwlFHYml/JEQ1hbCRAOo=",
      "requires": {
        "http-errors": "~1.4.0",
        "path-to-regexp": "^1.0.0"
      },
      "dependencies": {
        "http-errors": {
          "version": "1.4.0",
          "resolved": "https://registry.npmjs.org/http-errors/-/http-errors-1.4.0.tgz",
          "integrity": "sha1-bAJC3qaz33r9oVPHEImzHG6Cqr8=",
          "requires": {
            "inherits": "2.0.1",
            "statuses": ">= 1.2.1 < 2"
          }
        },
        "inherits": {
          "version": "2.0.1",
          "resolved": "https://registry.npmjs.org/inherits/-/inherits-2.0.1.tgz",
          "integrity": "sha1-sX0I0ya0Qj5Wjv9xn5GwscvfafE="
        }
      }
    },
    "path-to-regexp": {
      "version": "1.8.0",
      "resolved": "https://registry.npmjs.org/path-to-regexp/-/path-to-regexp-1.8.0.tgz",
      "integrity": "sha512-n43JRhlUKUAlibEJhPeir1ncUID16QnEjNpwzNdO3Lm4ywrBpBZ5oLD0I6br9evr1Y9JTqwRtAh7JLoOzAQdVA==",
      "requires": {
        "isarray": "0.0.1"
      }
    },
    "pct-encode": {
      "version": "1.0.2",
      "resolved": "https://registry.npmjs.org/pct-encode/-/pct-encode-1.0.2.tgz",
      "integrity": "sha1-uZt7BE1r18OeSDmnqAEirXUVyqU="
    },
    "prop-types": {
      "version": "15.7.2",
      "resolved": "https://registry.npmjs.org/prop-types/-/prop-types-15.7.2.tgz",
      "integrity": "sha512-8QQikdH7//R2vurIJSutZ1smHYTcLpRWEOlHnzcWHmBYrOGUysKwSsrC89BCiFj3CbrfJ/nXFdJepOVrY1GCHQ==",
      "requires": {
        "loose-envify": "^1.4.0",
        "object-assign": "^4.1.1",
        "react-is": "^16.8.1"
      }
    },
    "querystring-browser": {
      "version": "1.0.4",
      "resolved": "https://registry.npmjs.org/querystring-browser/-/querystring-browser-1.0.4.tgz",
      "integrity": "sha1-8uNYgYQKgZvHsb9Zf68JeeZiLcY="
    },
    "raw-body": {
      "version": "2.4.1",
      "resolved": "https://registry.npmjs.org/raw-body/-/raw-body-2.4.1.tgz",
      "integrity": "sha512-9WmIKF6mkvA0SLmA2Knm9+qj89e+j1zqgyn8aXGd7+nAduPoqgI9lO57SAZNn/Byzo5P7JhXTyg9PzaJbH73bA==",
      "requires": {
        "bytes": "3.1.0",
        "http-errors": "1.7.3",
        "iconv-lite": "0.4.24",
        "unpipe": "1.0.0"
      }
    },
    "react": {
      "version": "16.13.1",
      "resolved": "https://registry.npmjs.org/react/-/react-16.13.1.tgz",
      "integrity": "sha512-YMZQQq32xHLX0bz5Mnibv1/LHb3Sqzngu7xstSM+vrkE5Kzr9xE0yMByK5kMoTK30YVJE61WfbxIFFvfeDKT1w==",
      "requires": {
        "loose-envify": "^1.1.0",
        "object-assign": "^4.1.1",
        "prop-types": "^15.6.2"
      }
    },
    "react-dom": {
      "version": "16.13.1",
      "resolved": "https://registry.npmjs.org/react-dom/-/react-dom-16.13.1.tgz",
      "integrity": "sha512-81PIMmVLnCNLO/fFOQxdQkvEq/+Hfpv24XNJfpyZhTRfO0QcmQIF/PgCa1zCOj2w1hrn12MFLyaJ/G0+Mxtfag==",
      "requires": {
        "loose-envify": "^1.1.0",
        "object-assign": "^4.1.1",
        "prop-types": "^15.6.2",
        "scheduler": "^0.19.1"
      }
    },
    "react-is": {
      "version": "16.13.1",
      "resolved": "https://registry.npmjs.org/react-is/-/react-is-16.13.1.tgz",
      "integrity": "sha512-24e6ynE2H+OKt4kqsOvNd8kBpV65zoxbA4BVsEOB3ARVWQki/DHzaUoC5KuON/BiccDaCCTZBuOcfZs70kR8bQ=="
    },
    "safer-buffer": {
      "version": "2.1.2",
      "resolved": "https://registry.npmjs.org/safer-buffer/-/safer-buffer-2.1.2.tgz",
      "integrity": "sha512-YZo3K82SD7Riyi0E1EQPojLz7kpepnSQI9IyPbHHg1XXXevb5dJI7tpyN2ADxGcQbHG7vcyRHk0cbwqcQriUtg=="
    },
    "sax": {
      "version": "1.2.4",
      "resolved": "https://registry.npmjs.org/sax/-/sax-1.2.4.tgz",
      "integrity": "sha512-NqVDv9TpANUjFm0N8uM5GxL36UgKi9/atZw+x7YFnQ8ckwFGKrl4xX4yWtrey3UJm5nP1kUbnYgLopqWNSRhWw=="
    },
    "scheduler": {
      "version": "0.19.1",
      "resolved": "https://registry.npmjs.org/scheduler/-/scheduler-0.19.1.tgz",
      "integrity": "sha512-n/zwRWRYSUj0/3g/otKDRPMh6qv2SYMWNq85IEa8iZyAv8od9zDYpGSnpBEjNgcMNq6Scbu5KfIPxNF72R/2EA==",
      "requires": {
        "loose-envify": "^1.1.0",
        "object-assign": "^4.1.1"
      }
    },
    "setprototypeof": {
      "version": "1.1.1",
      "resolved": "https://registry.npmjs.org/setprototypeof/-/setprototypeof-1.1.1.tgz",
      "integrity": "sha512-JvdAWfbXeIGaZ9cILp38HntZSFSo3mWg6xGcJJsd+d4aRMOqauag1C63dJfDw7OaMYwEbHMOxEZ1lqVRYP2OAw=="
    },
    "sprintf-js": {
      "version": "1.0.3",
      "resolved": "https://registry.npmjs.org/sprintf-js/-/sprintf-js-1.0.3.tgz",
      "integrity": "sha1-BOaSb2YolTVPPdAVIDYzuFcpfiw="
    },
    "statuses": {
      "version": "1.5.0",
      "resolved": "https://registry.npmjs.org/statuses/-/statuses-1.5.0.tgz",
      "integrity": "sha1-Fhx9rBd2Wf2YEfQ3cfqZOBR4Yow="
    },
    "supports-color": {
      "version": "7.2.0",
      "resolved": "https://registry.npmjs.org/supports-color/-/supports-color-7.2.0.tgz",
      "integrity": "sha512-qpCAvRl9stuOHveKsn7HncJRvv501qIacKzQlO/+Lwxc9+0q2wLyv4Dfvt80/DPn2pqOBsJdDiogXGR9+OvwRw==",
      "requires": {
        "has-flag": "^4.0.0"
      }
    },
    "toidentifier": {
      "version": "1.0.0",
      "resolved": "https://registry.npmjs.org/toidentifier/-/toidentifier-1.0.0.tgz",
      "integrity": "sha512-yaOH/Pk/VEhBWWTlhI+qXxDFXlejDGcQipMlyxda9nthulaxLZUNcUqFxokp0vcYnvteJln5FNQDRrxj3YcbVw=="
    },
    "uc.micro": {
      "version": "1.0.6",
      "resolved": "https://registry.npmjs.org/uc.micro/-/uc.micro-1.0.6.tgz",
      "integrity": "sha512-8Y75pvTYkLJW2hWQHXxoqRgV7qb9B+9vFEtidML+7koHUFapnVJAZ6cKs+Qjz5Aw3aZWHMC6u0wJE3At+nSGwA=="
    },
    "unpipe": {
      "version": "1.0.0",
      "resolved": "https://registry.npmjs.org/unpipe/-/unpipe-1.0.0.tgz",
      "integrity": "sha1-sr9O6FFKrmFltIF4KdIbLvSZBOw="
    },
    "uri-template": {
      "version": "1.0.1",
      "resolved": "https://registry.npmjs.org/uri-template/-/uri-template-1.0.1.tgz",
      "integrity": "sha1-FKklo35Nk/diVDKqEWsF5Qyuga0=",
      "requires": {
        "pct-encode": "~1.0.0"
      }
    },
    "ws": {
      "version": "7.3.1",
      "resolved": "https://registry.npmjs.org/ws/-/ws-7.3.1.tgz",
      "integrity": "sha512-D3RuNkynyHmEJIpD2qrgVkc9DQ23OrN/moAwZX4L8DfvszsJxpjQuUq3LMx6HoYji9fbIOBY18XWBsAux1ZZUA=="
    }
  }
}
